
Microsoft Visual Studio Solution File, Format Version 12.00
# Visual Studio Version 16
VisualStudioVersion = 16.0.29519.87
MinimumVisualStudioVersion = 10.0.40219.1
Project("{9A19103F-16F7-4668-BE54-9A1E7A4F7556}") = "Sorschia", "Sorschia\Sorschia.csproj", "{40CA9F65-A4B9-403A-A99D-023150DB8C31}"
EndProject
Project("{9A19103F-16F7-4668-BE54-9A1E7A4F7556}") = "Sorschia.SqlServer", "Sorschia.SqlServer\Sorschia.SqlServer.csproj", "{384572BF-16FD-400C-8081-6EB2935DFD94}"
EndProject
Project("{9A19103F-16F7-4668-BE54-9A1E7A4F7556}") = "Sorschia.Dependency", "Sorschia.Dependency\Sorschia.Dependency.csproj", "{8B76CB9A-D926-4E92-873F-CC8EAC512BD6}"
EndProject
Project("{9A19103F-16F7-4668-BE54-9A1E7A4F7556}") = "Sorschia.Caching.Memory", "Sorschia.Caching.Memory\Sorschia.Caching.Memory.csproj", "{F7CFF8AC-1F1C-4684-B55C-9713AFAB929C}"
EndProject
Project("{9A19103F-16F7-4668-BE54-9A1E7A4F7556}") = "Sorschia.Caching.Memory.Dependency", "Sorschia.Caching.Memory.Dependency\Sorschia.Caching.Memory.Dependency.csproj", "{8A462E7F-EA67-47D3-B182-8A3E20DB71E9}"
EndProject
Project("{9A19103F-16F7-4668-BE54-9A1E7A4F7556}") = "Sorschia.Community", "Sorschia.Community\Sorschia.Community.csproj", "{C12FDAE1-3910-44B4-83D1-6D86B34618C0}"
EndProject
Project("{9A19103F-16F7-4668-BE54-9A1E7A4F7556}") = "Sorschia.Configuration", "Sorschia.Configuration\Sorschia.Configuration.csproj", "{C94627E9-E076-48A4-B3DE-952B29201206}"
EndProject
Project("{9A19103F-16F7-4668-BE54-9A1E7A4F7556}") = "Sorschia.Configuration.Dependency", "Sorschia.Configuration.Dependency\Sorschia.Configuration.Dependency.csproj", "{3D3109EF-83B1-4D65-BF84-1565D1B90844}"
EndProject
Project("{9A19103F-16F7-4668-BE54-9A1E7A4F7556}") = "Sorschia.Dependency.Prism.Forms", "Sorschia.Dependency.Prism.Forms\Sorschia.Dependency.Prism.Forms.csproj", "{7F916003-56C0-4155-AC24-C6358839F455}"
EndProject
Project("{9A19103F-16F7-4668-BE54-9A1E7A4F7556}") = "Sorschia.Dependency.Prism", "Sorschia.Dependency.Prism\Sorschia.Dependency.Prism.csproj", "{4E16259F-CC96-4672-99EF-391C0AE57B34}"
EndProject
Project("{9A19103F-16F7-4668-BE54-9A1E7A4F7556}") = "Sorschia.Caching.Memory.Dependency.Prism", "Sorschia.Caching.Memory.Dependency.Prism\Sorschia.Caching.Memory.Dependency.Prism.csproj", "{F100A705-FEE1-476B-B78C-D46AAFC08927}"
EndProject
Project("{9A19103F-16F7-4668-BE54-9A1E7A4F7556}") = "Sorschia.Prism.Extensions", "Sorschia.Prism.Extensions\Sorschia.Prism.Extensions.csproj", "{BC3A5321-63EA-4CD5-BF15-ECA7E902B744}"
EndProject
Project("{FAE04EC0-301F-11D3-BF4B-00C04F79EFBC}") = "Sorschia.Desktop", "Sorschia.Desktop\Sorschia.Desktop.csproj", "{22DD52B9-4F7A-4643-B782-3E069665E47C}"
EndProject
Project("{9A19103F-16F7-4668-BE54-9A1E7A4F7556}") = "Sorschia.SystemBase", "Sorschia.SystemBase\Sorschia.SystemBase.csproj", "{A8F1888E-7FAD-4BB0-BC9E-95496A8E78F3}"
EndProject
Project("{FAE04EC0-301F-11D3-BF4B-00C04F79EFBC}") = "Sorschia.SystemBase.ApiClient", "Sorschia.SystemBase.ApiClient\Sorschia.SystemBase.ApiClient.csproj", "{1B4F6931-C639-45B4-A336-C0722B385AD8}"
EndProject
Global
	GlobalSection(SolutionConfigurationPlatforms) = preSolution
		Debug|Any CPU = Debug|Any CPU
		Release|Any CPU = Release|Any CPU
	EndGlobalSection
	GlobalSection(ProjectConfigurationPlatforms) = postSolution
		{40CA9F65-A4B9-403A-A99D-023150DB8C31}.Debug|Any CPU.ActiveCfg = Debug|Any CPU
		{40CA9F65-A4B9-403A-A99D-023150DB8C31}.Debug|Any CPU.Build.0 = Debug|Any CPU
		{40CA9F65-A4B9-403A-A99D-023150DB8C31}.Release|Any CPU.ActiveCfg = Release|Any CPU
		{40CA9F65-A4B9-403A-A99D-023150DB8C31}.Release|Any CPU.Build.0 = Release|Any CPU
		{384572BF-16FD-400C-8081-6EB2935DFD94}.Debug|Any CPU.ActiveCfg = Debug|Any CPU
		{384572BF-16FD-400C-8081-6EB2935DFD94}.Debug|Any CPU.Build.0 = Debug|Any CPU
		{384572BF-16FD-400C-8081-6EB2935DFD94}.Release|Any CPU.ActiveCfg = Release|Any CPU
		{384572BF-16FD-400C-8081-6EB2935DFD94}.Release|Any CPU.Build.0 = Release|Any CPU
		{8B76CB9A-D926-4E92-873F-CC8EAC512BD6}.Debug|Any CPU.ActiveCfg = Debug|Any CPU
		{8B76CB9A-D926-4E92-873F-CC8EAC512BD6}.Debug|Any CPU.Build.0 = Debug|Any CPU
		{8B76CB9A-D926-4E92-873F-CC8EAC512BD6}.Release|Any CPU.ActiveCfg = Release|Any CPU
		{8B76CB9A-D926-4E92-873F-CC8EAC512BD6}.Release|Any CPU.Build.0 = Release|Any CPU
		{F7CFF8AC-1F1C-4684-B55C-9713AFAB929C}.Debug|Any CPU.ActiveCfg = Debug|Any CPU
		{F7CFF8AC-1F1C-4684-B55C-9713AFAB929C}.Debug|Any CPU.Build.0 = Debug|Any CPU
		{F7CFF8AC-1F1C-4684-B55C-9713AFAB929C}.Release|Any CPU.ActiveCfg = Release|Any CPU
		{F7CFF8AC-1F1C-4684-B55C-9713AFAB929C}.Release|Any CPU.Build.0 = Release|Any CPU
		{8A462E7F-EA67-47D3-B182-8A3E20DB71E9}.Debug|Any CPU.ActiveCfg = Debug|Any CPU
		{8A462E7F-EA67-47D3-B182-8A3E20DB71E9}.Debug|Any CPU.Build.0 = Debug|Any CPU
		{8A462E7F-EA67-47D3-B182-8A3E20DB71E9}.Release|Any CPU.ActiveCfg = Release|Any CPU
		{8A462E7F-EA67-47D3-B182-8A3E20DB71E9}.Release|Any CPU.Build.0 = Release|Any CPU
		{C12FDAE1-3910-44B4-83D1-6D86B34618C0}.Debug|Any CPU.ActiveCfg = Debug|Any CPU
		{C12FDAE1-3910-44B4-83D1-6D86B34618C0}.Debug|Any CPU.Build.0 = Debug|Any CPU
		{C12FDAE1-3910-44B4-83D1-6D86B34618C0}.Release|Any CPU.ActiveCfg = Release|Any CPU
		{C12FDAE1-3910-44B4-83D1-6D86B34618C0}.Release|Any CPU.Build.0 = Release|Any CPU
		{C94627E9-E076-48A4-B3DE-952B29201206}.Debug|Any CPU.ActiveCfg = Debug|Any CPU
		{C94627E9-E076-48A4-B3DE-952B29201206}.Debug|Any CPU.Build.0 = Debug|Any CPU
		{C94627E9-E076-48A4-B3DE-952B29201206}.Release|Any CPU.ActiveCfg = Release|Any CPU
		{C94627E9-E076-48A4-B3DE-952B29201206}.Release|Any CPU.Build.0 = Release|Any CPU
		{3D3109EF-83B1-4D65-BF84-1565D1B90844}.Debug|Any CPU.ActiveCfg = Debug|Any CPU
		{3D3109EF-83B1-4D65-BF84-1565D1B90844}.Debug|Any CPU.Build.0 = Debug|Any CPU
		{3D3109EF-83B1-4D65-BF84-1565D1B90844}.Release|Any CPU.ActiveCfg = Release|Any CPU
		{3D3109EF-83B1-4D65-BF84-1565D1B90844}.Release|Any CPU.Build.0 = Release|Any CPU
		{7F916003-56C0-4155-AC24-C6358839F455}.Debug|Any CPU.ActiveCfg = Debug|Any CPU
		{7F916003-56C0-4155-AC24-C6358839F455}.Debug|Any CPU.Build.0 = Debug|Any CPU
		{7F916003-56C0-4155-AC24-C6358839F455}.Release|Any CPU.ActiveCfg = Release|Any CPU
		{7F916003-56C0-4155-AC24-C6358839F455}.Release|Any CPU.Build.0 = Release|Any CPU
		{4E16259F-CC96-4672-99EF-391C0AE57B34}.Debug|Any CPU.ActiveCfg = Debug|Any CPU
		{4E16259F-CC96-4672-99EF-391C0AE57B34}.Debug|Any CPU.Build.0 = Debug|Any CPU
		{4E16259F-CC96-4672-99EF-391C0AE57B34}.Release|Any CPU.ActiveCfg = Release|Any CPU
		{4E16259F-CC96-4672-99EF-391C0AE57B34}.Release|Any CPU.Build.0 = Release|Any CPU
		{F100A705-FEE1-476B-B78C-D46AAFC08927}.Debug|Any CPU.ActiveCfg = Debug|Any CPU
		{F100A705-FEE1-476B-B78C-D46AAFC08927}.Debug|Any CPU.Build.0 = Debug|Any CPU
		{F100A705-FEE1-476B-B78C-D46AAFC08927}.Release|Any CPU.ActiveCfg = Release|Any CPU
		{F100A705-FEE1-476B-B78C-D46AAFC08927}.Release|Any CPU.Build.0 = Release|Any CPU
		{BC3A5321-63EA-4CD5-BF15-ECA7E902B744}.Debug|Any CPU.ActiveCfg = Debug|Any CPU
		{BC3A5321-63EA-4CD5-BF15-ECA7E902B744}.Debug|Any CPU.Build.0 = Debug|Any CPU
		{BC3A5321-63EA-4CD5-BF15-ECA7E902B744}.Release|Any CPU.ActiveCfg = Release|Any CPU
		{BC3A5321-63EA-4CD5-BF15-ECA7E902B744}.Release|Any CPU.Build.0 = Release|Any CPU
		{22DD52B9-4F7A-4643-B782-3E069665E47C}.Debug|Any CPU.ActiveCfg = Debug|Any CPU
		{22DD52B9-4F7A-4643-B782-3E069665E47C}.Debug|Any CPU.Build.0 = Debug|Any CPU
		{22DD52B9-4F7A-4643-B782-3E069665E47C}.Release|Any CPU.ActiveCfg = Release|Any CPU
		{22DD52B9-4F7A-4643-B782-3E069665E47C}.Release|Any CPU.Build.0 = Release|Any CPU
		{A8F1888E-7FAD-4BB0-BC9E-95496A8E78F3}.Debug|Any CPU.ActiveCfg = Debug|Any CPU
		{A8F1888E-7FAD-4BB0-BC9E-95496A8E78F3}.Debug|Any CPU.Build.0 = Debug|Any CPU
		{A8F1888E-7FAD-4BB0-BC9E-95496A8E78F3}.Release|Any CPU.ActiveCfg = Release|Any CPU
		{A8F1888E-7FAD-4BB0-BC9E-95496A8E78F3}.Release|Any CPU.Build.0 = Release|Any CPU
		{1B4F6931-C639-45B4-A336-C0722B385AD8}.Debug|Any CPU.ActiveCfg = Debug|Any CPU
		{1B4F6931-C639-45B4-A336-C0722B385AD8}.Debug|Any CPU.Build.0 = Debug|Any CPU
		{1B4F6931-C639-45B4-A336-C0722B385AD8}.Release|Any CPU.ActiveCfg = Release|Any CPU
		{1B4F6931-C639-45B4-A336-C0722B385AD8}.Release|Any CPU.Build.0 = Release|Any CPU
	EndGlobalSection
	GlobalSection(SolutionProperties) = preSolution
		HideSolutionNode = FALSE
	EndGlobalSection
	GlobalSection(ExtensibilityGlobals) = postSolution
		SolutionGuid = {78DF88C0-3483-4C43-89EC-3016B65A753D}
	EndGlobalSection
EndGlobal
